// !$*UTF8*$!
{
	archiveVersion = 1;
	classes = {
	};
	objectVersion = 50;
	objects = {

/* Begin PBXBuildFile section */
		19FFFCB32678E38C001BF7FF /* AppDelegate.swift in Sources */ = {isa = PBXBuildFile; fileRef = 19FFFCB22678E38C001BF7FF /* AppDelegate.swift */; };
		19FFFCB52678E38C001BF7FF /* SceneDelegate.swift in Sources */ = {isa = PBXBuildFile; fileRef = 19FFFCB42678E38C001BF7FF /* SceneDelegate.swift */; };
		19FFFCB72678E38C001BF7FF /* TabBarController.swift in Sources */ = {isa = PBXBuildFile; fileRef = 19FFFCB62678E38C001BF7FF /* TabBarController.swift */; };
		19FFFCBA2678E38C001BF7FF /* Main.storyboard in Resources */ = {isa = PBXBuildFile; fileRef = 19FFFCB82678E38C001BF7FF /* Main.storyboard */; };
		19FFFCBC2678E38E001BF7FF /* Assets.xcassets in Resources */ = {isa = PBXBuildFile; fileRef = 19FFFCBB2678E38E001BF7FF /* Assets.xcassets */; };
		19FFFCBF2678E38E001BF7FF /* LaunchScreen.storyboard in Resources */ = {isa = PBXBuildFile; fileRef = 19FFFCBD2678E38E001BF7FF /* LaunchScreen.storyboard */; };
/* End PBXBuildFile section */

/* Begin PBXFileReference section */
		19FFFCAF2678E38C001BF7FF /* UITabBarItemAppearanceTest.app */ = {isa = PBXFileReference; explicitFileType = wrapper.application; includeInIndex = 0; path = UITabBarItemAppearanceTest.app; sourceTree = BUILT_PRODUCTS_DIR; };
		19FFFCB22678E38C001BF7FF /* AppDelegate.swift */ = {isa = PBXFileReference; lastKnownFileType = sourcecode.swift; path = AppDelegate.swift; sourceTree = "<group>"; };
		19FFFCB42678E38C001BF7FF /* SceneDelegate.swift */ = {isa = PBXFileReference; lastKnownFileType = sourcecode.swift; path = SceneDelegate.swift; sourceTree = "<group>"; };
		19FFFCB62678E38C001BF7FF /* TabBarController.swift */ = {isa = PBXFileReference; lastKnownFileType = sourcecode.swift; path = TabBarController.swift; sourceTree = "<group>"; };
		19FFFCB92678E38C001BF7FF /* Base */ = {isa = PBXFileReference; lastKnownFileType = file.storyboard; name = Base; path = Base.lproj/Main.storyboard; sourceTree = "<group>"; };
		19FFFCBB2678E38E001BF7FF /* Assets.xcassets */ = {isa = PBXFileReference; lastKnownFileType = folder.assetcatalog; path = Assets.xcassets; sourceTree = "<group>"; };
		19FFFCBE2678E38E001BF7FF /* Base */ = {isa = PBXFileReference; lastKnownFileType = file.storyboard; name = Base; path = Base.lproj/LaunchScreen.storyboard; sourceTree = "<group>"; };
		19FFFCC02678E38E001BF7FF /* Info.plist */ = {isa = PBXFileReference; lastKnownFileType = text.plist.xml; path = Info.plist; sourceTree = "<group>"; };
/* End PBXFileReference section */

/* Begin PBXFrameworksBuildPhase section */
		19FFFCAC2678E38C001BF7FF /* Frameworks */ = {
			isa = PBXFrameworksBuildPhase;
			buildActionMask = 2147483647;
			files = (
			);
			runOnlyForDeploymentPostprocessing = 0;
		};
/* End PBXFrameworksBuildPhase section */

/* Begin PBXGroup section */
		19FFFCA62678E38C001BF7FF = {
			isa = PBXGroup;
			children = (
				19FFFCB12678E38C001BF7FF /* UITabBarItemAppearanceTest */,
				19FFFCB02678E38C001BF7FF /* Products */,
			);
			sourceTree = "<group>";
		};
		19FFFCB02678E38C001BF7FF /* Products */ = {
			isa = PBXGroup;
			children = (
				19FFFCAF2678E38C001BF7FF /* UITabBarItemAppearanceTest.app */,
			);
			name = Products;
			sourceTree = "<group>";
		};
		19FFFCB12678E38C001BF7FF /* UITabBarItemAppearanceTest */ = {
			isa = PBXGroup;
			children = (
				19FFFCB22678E38C001BF7FF /* AppDelegate.swift */,
				19FFFCB42678E38C001BF7FF /* SceneDelegate.swift */,
				19FFFCB62678E38C001BF7FF /* TabBarController.swift */,
				19FFFCB82678E38C001BF7FF /* Main.storyboard */,
				19FFFCBB2678E38E001BF7FF /* Assets.xcassets */,
				19FFFCBD2678E38E001BF7FF /* LaunchScreen.storyboard */,
				19FFFCC02678E38E001BF7FF /* Info.plist */,
			);
			path = UITabBarItemAppearanceTest;
			sourceTree = "<group>";
		};
/* End PBXGroup section */

/* Begin PBXNativeTarget section */
		19FFFCAE2678E38C001BF7FF /* UITabBarItemAppearanceTest */ = {
			isa = PBXNativeTarget;
			buildConfigurationList = 19FFFCC32678E38E001BF7FF /* Build configuration list for PBXNativeTarget "UITabBarItemAppearanceTest" */;
			buildPhases = (
				19FFFCAB2678E38C001BF7FF /* Sources */,
				19FFFCAC2678E38C001BF7FF /* Frameworks */,
				19FFFCAD2678E38C001BF7FF /* Resources */,
			);
			buildRules = (
			);
			dependencies = (
			);
			name = UITabBarItemAppearanceTest;
			productName = UITabBarItemAppearanceTest;
			productReference = 19FFFCAF2678E38C001BF7FF /* UITabBarItemAppearanceTest.app */;
			productType = "com.apple.product-type.application";
		};
/* End PBXNativeTarget section */

/* Begin PBXProject section */
		19FFFCA72678E38C001BF7FF /* Project object */ = {
			isa = PBXProject;
			attributes = {
				LastSwiftUpdateCheck = 1220;
				LastUpgradeCheck = 1220;
				TargetAttributes = {
					19FFFCAE2678E38C001BF7FF = {
						CreatedOnToolsVersion = 12.2;
					};
				};
			};
			buildConfigurationList = 19FFFCAA2678E38C001BF7FF /* Build configuration list for PBXProject "UITabBarItemAppearanceTest" */;
			compatibilityVersion = "Xcode 9.3";
			developmentRegion = en;
			hasScannedForEncodings = 0;
			knownRegions = (
				en,
				Base,
			);
			mainGroup = 19FFFCA62678E38C001BF7FF;
			productRefGroup = 19FFFCB02678E38C001BF7FF /* Products */;
			projectDirPath = "";
			projectRoot = "";
			targets = (
				19FFFCAE2678E38C001BF7FF /* UITabBarItemAppearanceTest */,
			);
		};
/* End PBXProject section */

/* Begin PBXResourcesBuildPhase section */
		19FFFCAD2678E38C001BF7FF /* Resources */ = {
			isa = PBXResourcesBuildPhase;
			buildActionMask = 2147483647;
			files = (
				19FFFCBF2678E38E001BF7FF /* LaunchScreen.storyboard in Resources */,
				19FFFCBC2678E38E001BF7FF /* Assets.xcassets in Resources */,
				19FFFCBA2678E38C001BF7FF /* Main.storyboard in Resources */,
			);
			runOnlyForDeploymentPostprocessing = 0;
		};
/* End PBXResourcesBuildPhase section */

/* Begin PBXSourcesBuildPhase section */
		19FFFCAB2678E38C001BF7FF /* Sources */ = {
			isa = PBXSourcesBuildPhase;
			buildActionMask = 2147483647;
			files = (
				19FFFCB72678E38C001BF7FF /* TabBarController.swift in Sources */,
				19FFFCB32678E38C001BF7FF /* AppDelegate.swift in Sources */,
				19FFFCB52678E38C001BF7FF /* SceneDelegate.swift in Sources */,
			);
			runOnlyForDeploymentPostprocessing = 0;
		};
/* End PBXSourcesBuildPhase section */

/* Begin PBXVariantGroup section */
		19FFFCB82678E38C001BF7FF /* Main.storyboard */ = {
			isa = PBXVariantGroup;
			children = (
				19FFFCB92678E38C001BF7FF /* Base */,
			);
			name = Main.storyboard;
			sourceTree = "<group>";
		};
		19FFFCBD2678E38E001BF7FF /* LaunchScreen.storyboard */ = {
			isa = PBXVariantGroup;
			children = (
				19FFFCBE2678E38E001BF7FF /* Base */,
			);
			name = LaunchScreen.storyboard;
			sourceTree = "<group>";
		};
/* End PBXVariantGroup section */

/* Begin XCBuildConfiguration section */
		19FFFCC12678E38E001BF7FF /* Debug */ = {
			isa = XCBuildConfiguration;
			buildSettings = {
				ALWAYS_SEARCH_USER_PATHS = NO;
				CLANG_ANALYZER_NONNULL = YES;
				CLANG_ANALYZER_NUMBER_OBJECT_CONVERSION = YES_AGGRESSIVE;
				CLANG_CXX_LANGUAGE_STANDARD = "gnu++14";
				CLANG_CXX_LIBRARY = "libc++";
				CLANG_ENABLE_MODULES = YES;
				CLANG_ENABLE_OBJC_ARC = YES;
				CLANG_ENABLE_OBJC_WEAK = YES;
				CLANG_WARN_BLOCK_CAPTURE_AUTORELEASING = YES;
				CLANG_WARN_BOOL_CONVERSION = YES;
				CLANG_WARN_COMMA = YES;
				CLANG_WARN_CONSTANT_CONVERSION = YES;
				CLANG_WARN_DEPRECATED_OBJC_IMPLEMENTATIONS = YES;
				CLANG_WARN_DIRECT_OBJC_ISA_USAGE = YES_ERROR;
				CLANG_WARN_DOCUMENTATION_COMMENTS = YES;
				CLANG_WARN_EMPTY_BODY = YES;
				CLANG_WARN_ENUM_CONVERSION = YES;
				CLANG_WARN_INFINITE_RECURSION = YES;
				CLANG_WARN_INT_CONVERSION = YES;
				CLANG_WARN_NON_LITERAL_NULL_CONVERSION = YES;
				CLANG_WARN_OBJC_IMPLICIT_RETAIN_SELF = YES;
				CLANG_WARN_OBJC_LITERAL_CONVERSION = YES;
				CLANG_WARN_OBJC_ROOT_CLASS = YES_ERROR;
				CLANG_WARN_QUOTED_INCLUDE_IN_FRAMEWORK_HEADER = YES;
				CLANG_WARN_RANGE_LOOP_ANALYSIS = YES;
				CLANG_WARN_STRICT_PROTOTYPES = YES;
				CLANG_WARN_SUSPICIOUS_MOVE = YES;
				CLANG_WARN_UNGUARDED_AVAILABILITY = YES_AGGRESSIVE;
				CLANG_WARN_UNREACHABLE_CODE = YES;
				CLANG_WARN__DUPLICATE_METHOD_MATCH = YES;
				COPY_PHASE_STRIP = NO;
				DEBUG_INFORMATION_FORMAT = dwarf;
				ENABLE_STRICT_OBJC_MSGSEND = YES;
				ENABLE_TESTABILITY = YES;
				GCC_C_LANGUAGE_STANDARD = gnu11;
				GCC_DYNAMIC_NO_PIC = NO;
				GCC_NO_COMMON_BLOCKS = YES;
				GCC_OPTIMIZATION_LEVEL = 0;
				GCC_PREPROCESSOR_DEFINITIONS = (
					"DEBUG=1",
					"$(inherited)",
				);
				GCC_WARN_64_TO_32_BIT_CONVERSION = YES;
				GCC_WARN_ABOUT_RETURN_TYPE = YES_ERROR;
				GCC_WARN_UNDECLARED_SELECTOR = YES;
				GCC_WARN_UNINITIALIZED_AUTOS = YES_AGGRESSIVE;
				GCC_WARN_UNUSED_FUNCTION = YES;
				GCC_WARN_UNUSED_VARIABLE = YES;
				IPHONEOS_DEPLOYMENT_TARGET = 14.2;
				MTL_ENABLE_DEBUG_INFO = INCLUDE_SOURCE;
				MTL_FAST_MATH = YES;
				ONLY_ACTIVE_ARCH = YES;
				SDKROOT = iphoneos;
				SWIFT_ACTIVE_COMPILATION_CONDITIONS = DEBUG;
				SWIFT_OPTIMIZATION_LEVEL = "-Onone";
			};
			name = Debug;
		};
		19FFFCC22678E38E001BF7FF /* Release */ = {
			isa = XCBuildConfiguration;
			buildSettings = {
				ALWAYS_SEARCH_USER_PATHS = NO;
				CLANG_ANALYZER_NONNULL = YES;
				CLANG_ANALYZER_NUMBER_OBJECT_CONVERSION = YES_AGGRESSIVE;
				CLANG_CXX_LANGUAGE_STANDARD = "gnu++14";
				CLANG_CXX_LIBRARY = "libc++";
				CLANG_ENABLE_MODULES = YES;
				CLANG_ENABLE_OBJC_ARC = YES;
				CLANG_ENABLE_OBJC_WEAK = YES;
				CLANG_WARN_BLOCK_CAPTURE_AUTORELEASING = YES;
				CLANG_WARN_BOOL_CONVERSION = YES;
				CLANG_WARN_COMMA = YES;
				CLANG_WARN_CONSTANT_CONVERSION = YES;
				CLANG_WARN_DEPRECATED_OBJC_IMPLEMENTATIONS = YES;
				CLANG_WARN_DIRECT_OBJC_ISA_USAGE = YES_ERROR;
				CLANG_WARN_DOCUMENTATION_COMMENTS = YES;
				CLANG_WARN_EMPTY_BODY = YES;
				CLANG_WARN_ENUM_CONVERSION = YES;
				CLANG_WARN_INFINITE_RECURSION = YES;
				CLANG_WARN_INT_CONVERSION = YES;
				CLANG_WARN_NON_LITERAL_NULL_CONVERSION = YES;
				CLANG_WARN_OBJC_IMPLICIT_RETAIN_SELF = YES;
				CLANG_WARN_OBJC_LITERAL_CONVERSION = YES;
				CLANG_WARN_OBJC_ROOT_CLASS = YES_ERROR;
				CLANG_WARN_QUOTED_INCLUDE_IN_FRAMEWORK_HEADER = YES;
				CLANG_WARN_RANGE_LOOP_ANALYSIS = YES;
				CLANG_WARN_STRICT_PROTOTYPES = YES;
				CLANG_WARN_SUSPICIOUS_MOVE = YES;
				CLANG_WARN_UNGUARDED_AVAILABILITY = YES_AGGRESSIVE;
				CLANG_WARN_UNREACHABLE_CODE = YES;
				CLANG_WARN__DUPLICATE_METHOD_MATCH = YES;
				COPY_PHASE_STRIP = NO;
				DEBUG_INFORMATION_FORMAT = "dwarf-with-dsym";
				ENABLE_NS_ASSERTIONS = NO;
				ENABLE_STRICT_OBJC_MSGSEND = YES;
				GCC_C_LANGUAGE_STANDARD = gnu11;
				GCC_NO_COMMON_BLOCKS = YES;
				GCC_WARN_64_TO_32_BIT_CONVERSION = YES;
				GCC_WARN_ABOUT_RETURN_TYPE = YES_ERROR;
				GCC_WARN_UNDECLARED_SELECTOR = YES;
				GCC_WARN_UNINITIALIZED_AUTOS = YES_AGGRESSIVE;
				GCC_WARN_UNUSED_FUNCTION = YES;
				GCC_WARN_UNUSED_VARIABLE = YES;
				IPHONEOS_DEPLOYMENT_TARGET = 14.2;
				MTL_ENABLE_DEBUG_INFO = NO;
				MTL_FAST_MATH = YES;
				SDKROOT = iphoneos;
				SWIFT_COMPILATION_MODE = wholemodule;
				SWIFT_OPTIMIZATION_LEVEL = "-O";
				VALIDATE_PRODUCT = YES;
			};
			name = Release;
		};
		19FFFCC42678E38E001BF7FF /* Debug */ = {
			isa = XCBuildConfiguration;
			buildSettings = {
				ASSETCATALOG_COMPILER_APPICON_NAME = AppIcon;
				ASSETCATALOG_COMPILER_GLOBAL_ACCENT_COLOR_NAME = AccentColor;
				CODE_SIGN_STYLE = Automatic;
				INFOPLIST_FILE = UITabBarItemAppearanceTest/Info.plist;
				LD_RUNPATH_SEARCH_PATHS = (
					"$(inherited)",
					"@executable_path/Frameworks",
				);
				PRODUCT_BUNDLE_IDENTIFIER = net.daybysay.UITabBarItemAppearanceTest;
				PRODUCT_NAME = "$(TARGET_NAME)";
				SWIFT_VERSION = 5.0;
				TARGETED_DEVICE_FAMILY = "1,2";
			};
			name = Debug;
		};
		19FFFCC52678E38E001BF7FF /* Release */ = {
			isa = XCBuildConfiguration;
			buildSettings = {
				ASSETCATALOG_COMPILER_APPICON_NAME = AppIcon;
				ASSETCATALOG_COMPILER_GLOBAL_ACCENT_COLOR_NAME = AccentColor;
				CODE_SIGN_STYLE = Automatic;
				INFOPLIST_FILE = UITabBarItemAppearanceTest/Info.plist;
				LD_RUNPATH_SEARCH_PATHS = (
					"$(inherited)",
					"@executable_path/Frameworks",
				);
				PRODUCT_BUNDLE_IDENTIFIER = net.daybysay.UITabBarItemAppearanceTest;
				PRODUCT_NAME = "$(TARGET_NAME)";
				SWIFT_VERSION = 5.0;
				TARGETED_DEVICE_FAMILY = "1,2";
			};
			name = Release;
		};
/* End XCBuildConfiguration section */

/* Begin XCConfigurationList section */
		19FFFCAA2678E38C001BF7FF /* Build configuration list for PBXProject "UITabBarItemAppearanceTest" */ = {
			isa = XCConfigurationList;
			buildConfigurations = (
				19FFFCC12678E38E001BF7FF /* Debug */,
				19FFFCC22678E38E001BF7FF /* Release */,
			);
			defaultConfigurationIsVisible = 0;
			defaultConfigurationName = Release;
		};
		19FFFCC32678E38E001BF7FF /* Build configuration list for PBXNativeTarget "UITabBarItemAppearanceTest" */ = {
			isa = XCConfigurationList;
			buildConfigurations = (
				19FFFCC42678E38E001BF7FF /* Debug */,
				19FFFCC52678E38E001BF7FF /* Release */,
			);
			defaultConfigurationIsVisible = 0;
			defaultConfigurationName = Release;
		};
/* End XCConfigurationList section */
	};
	rootObject = 19FFFCA72678E38C001BF7FF /* Project object */;
}
